
Microsoft Visual Studio Solution File, Format Version 12.00
# Visual Studio 14
VisualStudioVersion = 14.0.25420.1
MinimumVisualStudioVersion = 10.0.40219.1
Project("{FAE04EC0-301F-11D3-BF4B-00C04F79EFBC}") = "WebServices", "WebServices\WebServices.csproj", "{0F3D7CB2-F8F6-477E-8894-431C3C0C45EB}"
EndProject
Project("{FAE04EC0-301F-11D3-BF4B-00C04F79EFBC}") = "Domain", "Domain\Domain.csproj", "{445A8808-2214-453F-B595-81FE67C2DC90}"
EndProject
Project("{FAE04EC0-301F-11D3-BF4B-00C04F79EFBC}") = "Client", "Client\Client.csproj", "{4533304A-B01F-4B7E-B1F4-0A6DBCB6D338}"
	ProjectSection(ProjectDependencies) = postProject
		{21341475-AC3A-4ED2-A92B-2C3BFD2D343C} = {21341475-AC3A-4ED2-A92B-2C3BFD2D343C}
		{0F3D7CB2-F8F6-477E-8894-431C3C0C45EB} = {0F3D7CB2-F8F6-477E-8894-431C3C0C45EB}
	EndProjectSection
EndProject
Project("{FAE04EC0-301F-11D3-BF4B-00C04F79EFBC}") = "WCFService", "WCFService\WCFService.csproj", "{21341475-AC3A-4ED2-A92B-2C3BFD2D343C}"
EndProject
Global
	GlobalSection(SolutionConfigurationPlatforms) = preSolution
		Debug|Any CPU = Debug|Any CPU
		Release|Any CPU = Release|Any CPU
	EndGlobalSection
	GlobalSection(ProjectConfigurationPlatforms) = postSolution
		{0F3D7CB2-F8F6-477E-8894-431C3C0C45EB}.Debug|Any CPU.ActiveCfg = Debug|Any CPU
		{0F3D7CB2-F8F6-477E-8894-431C3C0C45EB}.Debug|Any CPU.Build.0 = Debug|Any CPU
		{0F3D7CB2-F8F6-477E-8894-431C3C0C45EB}.Release|Any CPU.ActiveCfg = Release|Any CPU
		{0F3D7CB2-F8F6-477E-8894-431C3C0C45EB}.Release|Any CPU.Build.0 = Release|Any CPU
		{445A8808-2214-453F-B595-81FE67C2DC90}.Debug|Any CPU.ActiveCfg = Debug|Any CPU
		{445A8808-2214-453F-B595-81FE67C2DC90}.Debug|Any CPU.Build.0 = Debug|Any CPU
		{445A8808-2214-453F-B595-81FE67C2DC90}.Release|Any CPU.ActiveCfg = Release|Any CPU
		{445A8808-2214-453F-B595-81FE67C2DC90}.Release|Any CPU.Build.0 = Release|Any CPU
		{4533304A-B01F-4B7E-B1F4-0A6DBCB6D338}.Debug|Any CPU.ActiveCfg = Debug|Any CPU
		{4533304A-B01F-4B7E-B1F4-0A6DBCB6D338}.Debug|Any CPU.Build.0 = Debug|Any CPU
		{4533304A-B01F-4B7E-B1F4-0A6DBCB6D338}.Release|Any CPU.ActiveCfg = Release|Any CPU
		{4533304A-B01F-4B7E-B1F4-0A6DBCB6D338}.Release|Any CPU.Build.0 = Release|Any CPU
		{21341475-AC3A-4ED2-A92B-2C3BFD2D343C}.Debug|Any CPU.ActiveCfg = Debug|Any CPU
		{21341475-AC3A-4ED2-A92B-2C3BFD2D343C}.Debug|Any CPU.Build.0 = Debug|Any CPU
		{21341475-AC3A-4ED2-A92B-2C3BFD2D343C}.Release|Any CPU.ActiveCfg = Release|Any CPU
		{21341475-AC3A-4ED2-A92B-2C3BFD2D343C}.Release|Any CPU.Build.0 = Release|Any CPU
	EndGlobalSection
	GlobalSection(SolutionProperties) = preSolution
		HideSolutionNode = FALSE
	EndGlobalSection
EndGlobal
